<Solution>
  <Folder Name="/Architecture Documents/" />
  <Folder Name="/Architecture Documents/backend/">
    <File Path="../docs/backend/ARCHITECTURE.md" />
    <File Path="../docs/backend/DECISIONS_ACHIEVEMENTS.md" />
    <File Path="../docs/backend/DECISIONS_ARCHITECTURE.md" />
    <File Path="../docs/backend/DECISIONS_AUTH.md" />
    <File Path="../docs/backend/DECISIONS_BLOB.md" />
    <File Path="../docs/backend/DECISIONS_CERTIFICATES.md" />
    <File Path="../docs/backend/DECISIONS_CHAT.md" />
    <File Path="../docs/backend/DECISIONS_DOMAIN.md" />
    <File Path="../docs/backend/DECISIONS_EMAILS.md" />
    <File Path="../docs/backend/DECISIONS_INFRA.md" />
    <File Path="../docs/backend/DECISIONS_LMS.md" />
    <File Path="../docs/backend/DECISIONS_MESSAGING.md" />
    <File Path="../docs/backend/DECISIONS_PAYMENT.md" />
    <File Path="../docs/backend/DECISIONS_REVIEWS.md" />
    <File Path="../docs/backend/DECISIONS_TEMPLATE.md" />
  </Folder>
  <Folder Name="/Git/">
    <File Path="../.gitignore" />
    <File Path="../README.md" />
  </Folder>
  <Folder Name="/Solution Items/">
    <File Path="../.github/workflows/backend-ci.yml" />
    <File Path="../ARCHITECTURE.md" />
    <File Path="../CLAUDE.md" />
    <File Path="../DATA_MODEL.md" />
    <File Path="../docker-compose.yml" />
    <File Path="../docs/DEV_SETUP.md" />
    <File Path="../FEATURES.md" />
    <File Path="../TODO.md" />
  </Folder>
  <Project Path="Learnix.API/Learnix.API.csproj" />
  <Project Path="Learnix.Application/Learnix.Application.csproj" />
  <Project Path="Learnix.Domain.UnitTests/Learnix.Domain.UnitTests.csproj" Id="80bf070d-5c6e-4948-be28-a149e4600aca" />
  <Project Path="Learnix.Domain/Learnix.Domain.csproj" />
  <Project Path="Learnix.Infrastructure/Learnix.Infrastructure.csproj" />
</Solution>
