<Solution>
  <Folder Name="/Documentation/" />
  <Folder Name="/Documentation/backend/">
    <File Path="../docs/backend/README.md" />
    <File Path="../docs/backend/ARCHITECTURE.md" />
    <File Path="../docs/backend/PROJECT_STRUCTURE.md" />
    <File Path="../docs/backend/decisions/README.md" />
    <File Path="../docs/backend/decisions/ACHIEVEMENTS.md" />
    <File Path="../docs/backend/decisions/ARCHITECTURE.md" />
    <File Path="../docs/backend/decisions/AUTH.md" />
    <File Path="../docs/backend/decisions/BLOB.md" />
    <File Path="../docs/backend/decisions/CERTIFICATES.md" />
    <File Path="../docs/backend/decisions/CHAT.md" />
    <File Path="../docs/backend/decisions/CICD.md" />
    <File Path="../docs/backend/decisions/DOMAIN.md" />
    <File Path="../docs/backend/decisions/EMAILS.md" />
    <File Path="../docs/backend/decisions/FORWARDED_HEADERS.md" />
    <File Path="../docs/backend/decisions/INFRA.md" />
    <File Path="../docs/backend/decisions/LMS.md" />
    <File Path="../docs/backend/decisions/MESSAGING.md" />
    <File Path="../docs/backend/decisions/MIGRATIONS.md" />
    <File Path="../docs/backend/decisions/PAYMENT.md" />
    <File Path="../docs/backend/decisions/REVIEWS.md" />
    <File Path="../docs/backend/decisions/TEMPLATE.md" />
  </Folder>
  <Folder Name="/Documentation/deployment/">
    <File Path="../docs/deployment/README.md" />
    <File Path="../docs/deployment/AZURE_DEPLOYMENT_UI.md" />
    <File Path="../docs/deployment/AZURE_DEPLOY_CLI.md" />
    <File Path="../docs/deployment/AZURE_PROVISIONING_UI.md" />
    <File Path="../docs/deployment/TERRAFORM_GUIDE.md" />
  </Folder>
  <Folder Name="/Documentation/frontend/">
    <File Path="../docs/frontend/README.md" />
    <File Path="../docs/frontend/ARCHITECTURE.md" />
    <File Path="../docs/frontend/PROJECT_STRUCTURE.md" />
    <File Path="../docs/frontend/CODING_STYLE.md" />
    <File Path="../docs/frontend/DEPLOYMENT.md" />
    <File Path="../docs/frontend/decisions/README.md" />
    <File Path="../docs/frontend/decisions/API.md" />
    <File Path="../docs/frontend/decisions/ARCHITECTURE.md" />
    <File Path="../docs/frontend/decisions/AUTH.md" />
    <File Path="../docs/frontend/decisions/FORMS.md" />
    <File Path="../docs/frontend/decisions/I18N_SEO.md" />
    <File Path="../docs/frontend/decisions/LINTING_FORMATTING.md" />
    <File Path="../docs/frontend/decisions/TEMPLATE.md" />
    <File Path="../docs/frontend/decisions/UI.md" />
  </Folder>

  <Folder Name="/Documentation/root/">
    <File Path="../docs/API_KEYS_GUIDE.md" />
    <File Path="../docs/CONTRIBUTING.md" />
    <File Path="../docs/DATA_MODEL.md" />
    <File Path="../docs/DEV_SETUP.md" />
    <File Path="../docs/FEATURES.md" />
    <File Path="../docs/TECH_DEBT.md" />
    <File Path="../docs/TODO.md" />
  </Folder>
  <Folder Name="/Root Items/">
    <File Path="../.editorconfig" />
    <File Path="../.gitignore" />
    <File Path="../CLAUDE.md" />
    <File Path="../docker-compose.yml" />
    <File Path="../lint-staged.config.js" />
    <File Path="../package.json" />
    <File Path="../README.md" />
  </Folder>
  <Folder Name="/Workflows/">
    <File Path="../.github/workflows/backend-ci.yml" />
    <File Path="../.github/workflows/deploy.yml" />
    <File Path="../.github/workflows/duplication-ci.yml" />
    <File Path="../.github/workflows/frontend-ci.yml" />
    <File Path="../.github/workflows/gitleaks.yml" />
  </Folder>
  <Project Path="Learnix.API/Learnix.API.csproj" />
  <Project Path="Learnix.Application/Learnix.Application.csproj" />
  <Project Path="Learnix.DbMigrator/Learnix.DbMigrator.csproj" />
  <Project Path="Learnix.Application.UnitTests/Learnix.Application.UnitTests.csproj" />
  <Project Path="Learnix.Domain.UnitTests/Learnix.Domain.UnitTests.csproj" Id="80bf070d-5c6e-4948-be28-a149e4600aca" />
  <Project Path="Learnix.Domain/Learnix.Domain.csproj" />
  <Project Path="Learnix.Infrastructure/Learnix.Infrastructure.csproj" />
  <Project Path="Learnix.Infrastructure.UnitTests/Learnix.Infrastructure.UnitTests.csproj" />
</Solution>
